// !$*UTF8*$!
{
	archiveVersion = 1;
	classes = {
	};
	objectVersion = 46;
	objects = {

/* Begin PBXBuildFile section */
		1023CC1D1A3D70F900395718 /* UnitOfAcceleration.swift in Sources */ = {isa = PBXBuildFile; fileRef = 1023CC1C1A3D70F900395718 /* UnitOfAcceleration.swift */; };
		1023CC211A408AB700395718 /* Drawing.swift in Sources */ = {isa = PBXBuildFile; fileRef = 1023CC201A408AB700395718 /* Drawing.swift */; };
		103E017E1A424B3E00071021 /* CompositeDrawing.swift in Sources */ = {isa = PBXBuildFile; fileRef = 103E017D1A424B3E00071021 /* CompositeDrawing.swift */; };
		103E017F1A424B3E00071021 /* CompositeDrawing.swift in Sources */ = {isa = PBXBuildFile; fileRef = 103E017D1A424B3E00071021 /* CompositeDrawing.swift */; };
		105BBD3A1A374F9100C88D35 /* AppDelegate.swift in Sources */ = {isa = PBXBuildFile; fileRef = 105BBD391A374F9100C88D35 /* AppDelegate.swift */; };
		105BBD3C1A374F9100C88D35 /* Images.xcassets in Resources */ = {isa = PBXBuildFile; fileRef = 105BBD3B1A374F9100C88D35 /* Images.xcassets */; };
		105BBD3F1A374F9100C88D35 /* MainMenu.xib in Resources */ = {isa = PBXBuildFile; fileRef = 105BBD3D1A374F9100C88D35 /* MainMenu.xib */; };
		105BBD4B1A374F9100C88D35 /* QuantumSystemsTests.swift in Sources */ = {isa = PBXBuildFile; fileRef = 105BBD4A1A374F9100C88D35 /* QuantumSystemsTests.swift */; };
		105BBD561A37748100C88D35 /* Point.swift in Sources */ = {isa = PBXBuildFile; fileRef = 105BBD551A37748100C88D35 /* Point.swift */; };
		105BBD591A3774EC00C88D35 /* Vector.swift in Sources */ = {isa = PBXBuildFile; fileRef = 105BBD581A3774EC00C88D35 /* Vector.swift */; };
		105BBD5C1A37A67E00C88D35 /* Particle.swift in Sources */ = {isa = PBXBuildFile; fileRef = 105BBD5B1A37A67E00C88D35 /* Particle.swift */; };
		1082754D1A3C1924000A7F1B /* UnitOfForce.swift in Sources */ = {isa = PBXBuildFile; fileRef = 1082754C1A3C1924000A7F1B /* UnitOfForce.swift */; };
		108275531A3C2EB6000A7F1B /* UnitOfVelocity.swift in Sources */ = {isa = PBXBuildFile; fileRef = 108275521A3C2EB6000A7F1B /* UnitOfVelocity.swift */; };
		10E161111A409E2F004C4BC8 /* Drawing.swift in Sources */ = {isa = PBXBuildFile; fileRef = 1023CC201A408AB700395718 /* Drawing.swift */; };
		10E161131A409E2F004C4BC8 /* Point.swift in Sources */ = {isa = PBXBuildFile; fileRef = 105BBD551A37748100C88D35 /* Point.swift */; };
		10E161141A409E2F004C4BC8 /* Vector.swift in Sources */ = {isa = PBXBuildFile; fileRef = 105BBD581A3774EC00C88D35 /* Vector.swift */; };
		10E161151A409E2F004C4BC8 /* UnitOfVelocity.swift in Sources */ = {isa = PBXBuildFile; fileRef = 108275521A3C2EB6000A7F1B /* UnitOfVelocity.swift */; };
		10E161161A409E2F004C4BC8 /* UnitOfAcceleration.swift in Sources */ = {isa = PBXBuildFile; fileRef = 1023CC1C1A3D70F900395718 /* UnitOfAcceleration.swift */; };
		10E161171A409E2F004C4BC8 /* UnitOfForce.swift in Sources */ = {isa = PBXBuildFile; fileRef = 1082754C1A3C1924000A7F1B /* UnitOfForce.swift */; };
		10E161181A409E2F004C4BC8 /* Particle.swift in Sources */ = {isa = PBXBuildFile; fileRef = 105BBD5B1A37A67E00C88D35 /* Particle.swift */; };
		10E1611A1A40A5E3004C4BC8 /* ParticleDrawing.swift in Sources */ = {isa = PBXBuildFile; fileRef = 10E161191A40A5E3004C4BC8 /* ParticleDrawing.swift */; };
		10E1611B1A40A5E3004C4BC8 /* ParticleDrawing.swift in Sources */ = {isa = PBXBuildFile; fileRef = 10E161191A40A5E3004C4BC8 /* ParticleDrawing.swift */; };
		10E161201A41505D004C4BC8 /* DynamicFieldView.swift in Sources */ = {isa = PBXBuildFile; fileRef = 10E1611F1A41505D004C4BC8 /* DynamicFieldView.swift */; };
		10E161211A41505D004C4BC8 /* DynamicFieldView.swift in Sources */ = {isa = PBXBuildFile; fileRef = 10E1611F1A41505D004C4BC8 /* DynamicFieldView.swift */; };
		10E161231A4150EB004C4BC8 /* DynamicFieldViewController.swift in Sources */ = {isa = PBXBuildFile; fileRef = 10E161221A4150EB004C4BC8 /* DynamicFieldViewController.swift */; };
/* End PBXBuildFile section */

/* Begin PBXContainerItemProxy section */
		105BBD451A374F9100C88D35 /* PBXContainerItemProxy */ = {
			isa = PBXContainerItemProxy;
			containerPortal = 105BBD2C1A374F9100C88D35 /* Project object */;
			proxyType = 1;
			remoteGlobalIDString = 105BBD331A374F9100C88D35;
			remoteInfo = QuantumSystems;
		};
/* End PBXContainerItemProxy section */

/* Begin PBXFileReference section */
		1023CC1C1A3D70F900395718 /* UnitOfAcceleration.swift */ = {isa = PBXFileReference; fileEncoding = 4; lastKnownFileType = sourcecode.swift; path = UnitOfAcceleration.swift; sourceTree = "<group>"; };
		1023CC201A408AB700395718 /* Drawing.swift */ = {isa = PBXFileReference; fileEncoding = 4; lastKnownFileType = sourcecode.swift; path = Drawing.swift; sourceTree = "<group>"; };
		103E017D1A424B3E00071021 /* CompositeDrawing.swift */ = {isa = PBXFileReference; fileEncoding = 4; lastKnownFileType = sourcecode.swift; path = CompositeDrawing.swift; sourceTree = "<group>"; };
		105BBD341A374F9100C88D35 /* QuantumSystems.app */ = {isa = PBXFileReference; explicitFileType = wrapper.application; includeInIndex = 0; path = QuantumSystems.app; sourceTree = BUILT_PRODUCTS_DIR; };
		105BBD381A374F9100C88D35 /* Info.plist */ = {isa = PBXFileReference; lastKnownFileType = text.plist.xml; path = Info.plist; sourceTree = "<group>"; };
		105BBD391A374F9100C88D35 /* AppDelegate.swift */ = {isa = PBXFileReference; lastKnownFileType = sourcecode.swift; path = AppDelegate.swift; sourceTree = "<group>"; };
		105BBD3B1A374F9100C88D35 /* Images.xcassets */ = {isa = PBXFileReference; lastKnownFileType = folder.assetcatalog; path = Images.xcassets; sourceTree = "<group>"; };
		105BBD3E1A374F9100C88D35 /* Base */ = {isa = PBXFileReference; lastKnownFileType = file.xib; name = Base; path = Base.lproj/MainMenu.xib; sourceTree = "<group>"; };
		105BBD441A374F9100C88D35 /* QuantumSystemsTests.xctest */ = {isa = PBXFileReference; explicitFileType = wrapper.cfbundle; includeInIndex = 0; path = QuantumSystemsTests.xctest; sourceTree = BUILT_PRODUCTS_DIR; };
		105BBD491A374F9100C88D35 /* Info.plist */ = {isa = PBXFileReference; lastKnownFileType = text.plist.xml; path = Info.plist; sourceTree = "<group>"; };
		105BBD4A1A374F9100C88D35 /* QuantumSystemsTests.swift */ = {isa = PBXFileReference; lastKnownFileType = sourcecode.swift; path = QuantumSystemsTests.swift; sourceTree = "<group>"; };
		105BBD551A37748100C88D35 /* Point.swift */ = {isa = PBXFileReference; fileEncoding = 4; lastKnownFileType = sourcecode.swift; path = Point.swift; sourceTree = "<group>"; };
		105BBD581A3774EC00C88D35 /* Vector.swift */ = {isa = PBXFileReference; fileEncoding = 4; lastKnownFileType = sourcecode.swift; path = Vector.swift; sourceTree = "<group>"; };
		105BBD5B1A37A67E00C88D35 /* Particle.swift */ = {isa = PBXFileReference; fileEncoding = 4; lastKnownFileType = sourcecode.swift; path = Particle.swift; sourceTree = "<group>"; };
		1082754C1A3C1924000A7F1B /* UnitOfForce.swift */ = {isa = PBXFileReference; fileEncoding = 4; lastKnownFileType = sourcecode.swift; path = UnitOfForce.swift; sourceTree = "<group>"; };
		108275521A3C2EB6000A7F1B /* UnitOfVelocity.swift */ = {isa = PBXFileReference; fileEncoding = 4; lastKnownFileType = sourcecode.swift; path = UnitOfVelocity.swift; sourceTree = "<group>"; };
		10E161191A40A5E3004C4BC8 /* ParticleDrawing.swift */ = {isa = PBXFileReference; fileEncoding = 4; lastKnownFileType = sourcecode.swift; path = ParticleDrawing.swift; sourceTree = "<group>"; };
		10E1611F1A41505D004C4BC8 /* DynamicFieldView.swift */ = {isa = PBXFileReference; fileEncoding = 4; lastKnownFileType = sourcecode.swift; path = DynamicFieldView.swift; sourceTree = "<group>"; };
		10E161221A4150EB004C4BC8 /* DynamicFieldViewController.swift */ = {isa = PBXFileReference; fileEncoding = 4; lastKnownFileType = sourcecode.swift; path = DynamicFieldViewController.swift; sourceTree = "<group>"; };
/* End PBXFileReference section */

/* Begin PBXFrameworksBuildPhase section */
		105BBD311A374F9100C88D35 /* Frameworks */ = {
			isa = PBXFrameworksBuildPhase;
			buildActionMask = 2147483647;
			files = (
			);
			runOnlyForDeploymentPostprocessing = 0;
		};
		105BBD411A374F9100C88D35 /* Frameworks */ = {
			isa = PBXFrameworksBuildPhase;
			buildActionMask = 2147483647;
			files = (
			);
			runOnlyForDeploymentPostprocessing = 0;
		};
/* End PBXFrameworksBuildPhase section */

/* Begin PBXGroup section */
		1023CC1F1A3EC44000395718 /* View */ = {
			isa = PBXGroup;
			children = (
				10E1611F1A41505D004C4BC8 /* DynamicFieldView.swift */,
			);
			name = View;
			sourceTree = "<group>";
		};
		105BBD2B1A374F9100C88D35 = {
			isa = PBXGroup;
			children = (
				105BBD361A374F9100C88D35 /* QuantumSystems */,
				105BBD471A374F9100C88D35 /* QuantumSystemsTests */,
				105BBD351A374F9100C88D35 /* Products */,
			);
			sourceTree = "<group>";
		};
		105BBD351A374F9100C88D35 /* Products */ = {
			isa = PBXGroup;
			children = (
				105BBD341A374F9100C88D35 /* QuantumSystems.app */,
				105BBD441A374F9100C88D35 /* QuantumSystemsTests.xctest */,
			);
			name = Products;
			sourceTree = "<group>";
		};
		105BBD361A374F9100C88D35 /* QuantumSystems */ = {
			isa = PBXGroup;
			children = (
				10E1611E1A41502B004C4BC8 /* Controller */,
				1023CC1F1A3EC44000395718 /* View */,
				105BBD541A376C8700C88D35 /* Model */,
				105BBD391A374F9100C88D35 /* AppDelegate.swift */,
				105BBD3B1A374F9100C88D35 /* Images.xcassets */,
				105BBD3D1A374F9100C88D35 /* MainMenu.xib */,
				105BBD371A374F9100C88D35 /* Supporting Files */,
			);
			path = QuantumSystems;
			sourceTree = "<group>";
		};
		105BBD371A374F9100C88D35 /* Supporting Files */ = {
			isa = PBXGroup;
			children = (
				105BBD381A374F9100C88D35 /* Info.plist */,
			);
			name = "Supporting Files";
			sourceTree = "<group>";
		};
		105BBD471A374F9100C88D35 /* QuantumSystemsTests */ = {
			isa = PBXGroup;
			children = (
				105BBD4A1A374F9100C88D35 /* QuantumSystemsTests.swift */,
				105BBD481A374F9100C88D35 /* Supporting Files */,
			);
			path = QuantumSystemsTests;
			sourceTree = "<group>";
		};
		105BBD481A374F9100C88D35 /* Supporting Files */ = {
			isa = PBXGroup;
			children = (
				105BBD491A374F9100C88D35 /* Info.plist */,
			);
			name = "Supporting Files";
			sourceTree = "<group>";
		};
		105BBD541A376C8700C88D35 /* Model */ = {
			isa = PBXGroup;
			children = (
				105BBD551A37748100C88D35 /* Point.swift */,
				105BBD581A3774EC00C88D35 /* Vector.swift */,
				108275521A3C2EB6000A7F1B /* UnitOfVelocity.swift */,
				1023CC1C1A3D70F900395718 /* UnitOfAcceleration.swift */,
				1082754C1A3C1924000A7F1B /* UnitOfForce.swift */,
				105BBD5B1A37A67E00C88D35 /* Particle.swift */,
			);
			name = Model;
			sourceTree = "<group>";
		};
		10E1611E1A41502B004C4BC8 /* Controller */ = {
			isa = PBXGroup;
			children = (
				10E161221A4150EB004C4BC8 /* DynamicFieldViewController.swift */,
				1023CC201A408AB700395718 /* Drawing.swift */,
				10E161191A40A5E3004C4BC8 /* ParticleDrawing.swift */,
				103E017D1A424B3E00071021 /* CompositeDrawing.swift */,
			);
			name = Controller;
			sourceTree = "<group>";
		};
/* End PBXGroup section */

/* Begin PBXNativeTarget section */
		105BBD331A374F9100C88D35 /* QuantumSystems */ = {
			isa = PBXNativeTarget;
			buildConfigurationList = 105BBD4E1A374F9100C88D35 /* Build configuration list for PBXNativeTarget "QuantumSystems" */;
			buildPhases = (
				105BBD301A374F9100C88D35 /* Sources */,
				105BBD311A374F9100C88D35 /* Frameworks */,
				105BBD321A374F9100C88D35 /* Resources */,
			);
			buildRules = (
			);
			dependencies = (
			);
			name = QuantumSystems;
			productName = QuantumSystems;
			productReference = 105BBD341A374F9100C88D35 /* QuantumSystems.app */;
			productType = "com.apple.product-type.application";
		};
		105BBD431A374F9100C88D35 /* QuantumSystemsTests */ = {
			isa = PBXNativeTarget;
			buildConfigurationList = 105BBD511A374F9100C88D35 /* Build configuration list for PBXNativeTarget "QuantumSystemsTests" */;
			buildPhases = (
				105BBD401A374F9100C88D35 /* Sources */,
				105BBD411A374F9100C88D35 /* Frameworks */,
				105BBD421A374F9100C88D35 /* Resources */,
			);
			buildRules = (
			);
			dependencies = (
				105BBD461A374F9100C88D35 /* PBXTargetDependency */,
			);
			name = QuantumSystemsTests;
			productName = QuantumSystemsTests;
			productReference = 105BBD441A374F9100C88D35 /* QuantumSystemsTests.xctest */;
			productType = "com.apple.product-type.bundle.unit-test";
		};
/* End PBXNativeTarget section */

/* Begin PBXProject section */
		105BBD2C1A374F9100C88D35 /* Project object */ = {
			isa = PBXProject;
			attributes = {
				LastUpgradeCheck = 0610;
				ORGANIZATIONNAME = fireypotato;
				TargetAttributes = {
					105BBD331A374F9100C88D35 = {
						CreatedOnToolsVersion = 6.1.1;
					};
					105BBD431A374F9100C88D35 = {
						CreatedOnToolsVersion = 6.1.1;
						TestTargetID = 105BBD331A374F9100C88D35;
					};
				};
			};
			buildConfigurationList = 105BBD2F1A374F9100C88D35 /* Build configuration list for PBXProject "QuantumSystems" */;
			compatibilityVersion = "Xcode 3.2";
			developmentRegion = English;
			hasScannedForEncodings = 0;
			knownRegions = (
				en,
				Base,
			);
			mainGroup = 105BBD2B1A374F9100C88D35;
			productRefGroup = 105BBD351A374F9100C88D35 /* Products */;
			projectDirPath = "";
			projectRoot = "";
			targets = (
				105BBD331A374F9100C88D35 /* QuantumSystems */,
				105BBD431A374F9100C88D35 /* QuantumSystemsTests */,
			);
		};
/* End PBXProject section */

/* Begin PBXResourcesBuildPhase section */
		105BBD321A374F9100C88D35 /* Resources */ = {
			isa = PBXResourcesBuildPhase;
			buildActionMask = 2147483647;
			files = (
				105BBD3C1A374F9100C88D35 /* Images.xcassets in Resources */,
				105BBD3F1A374F9100C88D35 /* MainMenu.xib in Resources */,
			);
			runOnlyForDeploymentPostprocessing = 0;
		};
		105BBD421A374F9100C88D35 /* Resources */ = {
			isa = PBXResourcesBuildPhase;
			buildActionMask = 2147483647;
			files = (
			);
			runOnlyForDeploymentPostprocessing = 0;
		};
/* End PBXResourcesBuildPhase section */

/* Begin PBXSourcesBuildPhase section */
		105BBD301A374F9100C88D35 /* Sources */ = {
			isa = PBXSourcesBuildPhase;
			buildActionMask = 2147483647;
			files = (
				105BBD561A37748100C88D35 /* Point.swift in Sources */,
				10E161231A4150EB004C4BC8 /* DynamicFieldViewController.swift in Sources */,
				105BBD5C1A37A67E00C88D35 /* Particle.swift in Sources */,
				105BBD591A3774EC00C88D35 /* Vector.swift in Sources */,
				1023CC211A408AB700395718 /* Drawing.swift in Sources */,
				105BBD3A1A374F9100C88D35 /* AppDelegate.swift in Sources */,
				10E161201A41505D004C4BC8 /* DynamicFieldView.swift in Sources */,
				1082754D1A3C1924000A7F1B /* UnitOfForce.swift in Sources */,
				103E017E1A424B3E00071021 /* CompositeDrawing.swift in Sources */,
				10E1611A1A40A5E3004C4BC8 /* ParticleDrawing.swift in Sources */,
				108275531A3C2EB6000A7F1B /* UnitOfVelocity.swift in Sources */,
				1023CC1D1A3D70F900395718 /* UnitOfAcceleration.swift in Sources */,
			);
			runOnlyForDeploymentPostprocessing = 0;
		};
		105BBD401A374F9100C88D35 /* Sources */ = {
			isa = PBXSourcesBuildPhase;
			buildActionMask = 2147483647;
			files = (
				10E161111A409E2F004C4BC8 /* Drawing.swift in Sources */,
				10E161131A409E2F004C4BC8 /* Point.swift in Sources */,
				10E161141A409E2F004C4BC8 /* Vector.swift in Sources */,
				10E161151A409E2F004C4BC8 /* UnitOfVelocity.swift in Sources */,
				10E161211A41505D004C4BC8 /* DynamicFieldView.swift in Sources */,
				10E161161A409E2F004C4BC8 /* UnitOfAcceleration.swift in Sources */,
				10E161171A409E2F004C4BC8 /* UnitOfForce.swift in Sources */,
				10E1611B1A40A5E3004C4BC8 /* ParticleDrawing.swift in Sources */,
				103E017F1A424B3E00071021 /* CompositeDrawing.swift in Sources */,
				10E161181A409E2F004C4BC8 /* Particle.swift in Sources */,
				105BBD4B1A374F9100C88D35 /* QuantumSystemsTests.swift in Sources */,
			);
			runOnlyForDeploymentPostprocessing = 0;
		};
/* End PBXSourcesBuildPhase section */

/* Begin PBXTargetDependency section */
		105BBD461A374F9100C88D35 /* PBXTargetDependency */ = {
			isa = PBXTargetDependency;
			target = 105BBD331A374F9100C88D35 /* QuantumSystems */;
			targetProxy = 105BBD451A374F9100C88D35 /* PBXContainerItemProxy */;
		};
/* End PBXTargetDependency section */

/* Begin PBXVariantGroup section */
		105BBD3D1A374F9100C88D35 /* MainMenu.xib */ = {
			isa = PBXVariantGroup;
			children = (
				105BBD3E1A374F9100C88D35 /* Base */,
			);
			name = MainMenu.xib;
			sourceTree = "<group>";
		};
/* End PBXVariantGroup section */

/* Begin XCBuildConfiguration section */
		105BBD4C1A374F9100C88D35 /* Debug */ = {
			isa = XCBuildConfiguration;
			buildSettings = {
				ALWAYS_SEARCH_USER_PATHS = NO;
				CLANG_CXX_LANGUAGE_STANDARD = "gnu++0x";
				CLANG_CXX_LIBRARY = "libc++";
				CLANG_ENABLE_MODULES = YES;
				CLANG_ENABLE_OBJC_ARC = YES;
				CLANG_WARN_BOOL_CONVERSION = YES;
				CLANG_WARN_CONSTANT_CONVERSION = YES;
				CLANG_WARN_DIRECT_OBJC_ISA_USAGE = YES_ERROR;
				CLANG_WARN_EMPTY_BODY = YES;
				CLANG_WARN_ENUM_CONVERSION = YES;
				CLANG_WARN_INT_CONVERSION = YES;
				CLANG_WARN_OBJC_ROOT_CLASS = YES_ERROR;
				CLANG_WARN_UNREACHABLE_CODE = YES;
				CLANG_WARN__DUPLICATE_METHOD_MATCH = YES;
				CODE_SIGN_IDENTITY = "-";
				COPY_PHASE_STRIP = NO;
				ENABLE_STRICT_OBJC_MSGSEND = YES;
				GCC_C_LANGUAGE_STANDARD = gnu99;
				GCC_DYNAMIC_NO_PIC = NO;
				GCC_OPTIMIZATION_LEVEL = 0;
				GCC_PREPROCESSOR_DEFINITIONS = (
					"DEBUG=1",
					"$(inherited)",
				);
				GCC_SYMBOLS_PRIVATE_EXTERN = NO;
				GCC_WARN_64_TO_32_BIT_CONVERSION = YES;
				GCC_WARN_ABOUT_RETURN_TYPE = YES_ERROR;
				GCC_WARN_UNDECLARED_SELECTOR = YES;
				GCC_WARN_UNINITIALIZED_AUTOS = YES_AGGRESSIVE;
				GCC_WARN_UNUSED_FUNCTION = YES;
				GCC_WARN_UNUSED_VARIABLE = YES;
				MACOSX_DEPLOYMENT_TARGET = 10.10;
				MTL_ENABLE_DEBUG_INFO = YES;
				ONLY_ACTIVE_ARCH = YES;
				SDKROOT = macosx;
				SWIFT_OPTIMIZATION_LEVEL = "-Onone";
			};
			name = Debug;
		};
		105BBD4D1A374F9100C88D35 /* Release */ = {
			isa = XCBuildConfiguration;
			buildSettings = {
				ALWAYS_SEARCH_USER_PATHS = NO;
				CLANG_CXX_LANGUAGE_STANDARD = "gnu++0x";
				CLANG_CXX_LIBRARY = "libc++";
				CLANG_ENABLE_MODULES = YES;
				CLANG_ENABLE_OBJC_ARC = YES;
				CLANG_WARN_BOOL_CONVERSION = YES;
				CLANG_WARN_CONSTANT_CONVERSION = YES;
				CLANG_WARN_DIRECT_OBJC_ISA_USAGE = YES_ERROR;
				CLANG_WARN_EMPTY_BODY = YES;
				CLANG_WARN_ENUM_CONVERSION = YES;
				CLANG_WARN_INT_CONVERSION = YES;
				CLANG_WARN_OBJC_ROOT_CLASS = YES_ERROR;
				CLANG_WARN_UNREACHABLE_CODE = YES;
				CLANG_WARN__DUPLICATE_METHOD_MATCH = YES;
				CODE_SIGN_IDENTITY = "-";
				COPY_PHASE_STRIP = YES;
				DEBUG_INFORMATION_FORMAT = "dwarf-with-dsym";
				ENABLE_NS_ASSERTIONS = NO;
				ENABLE_STRICT_OBJC_MSGSEND = YES;
				GCC_C_LANGUAGE_STANDARD = gnu99;
				GCC_WARN_64_TO_32_BIT_CONVERSION = YES;
				GCC_WARN_ABOUT_RETURN_TYPE = YES_ERROR;
				GCC_WARN_UNDECLARED_SELECTOR = YES;
				GCC_WARN_UNINITIALIZED_AUTOS = YES_AGGRESSIVE;
				GCC_WARN_UNUSED_FUNCTION = YES;
				GCC_WARN_UNUSED_VARIABLE = YES;
				MACOSX_DEPLOYMENT_TARGET = 10.10;
				MTL_ENABLE_DEBUG_INFO = NO;
				SDKROOT = macosx;
			};
			name = Release;
		};
		105BBD4F1A374F9100C88D35 /* Debug */ = {
			isa = XCBuildConfiguration;
			buildSettings = {
				ASSETCATALOG_COMPILER_APPICON_NAME = AppIcon;
				COMBINE_HIDPI_IMAGES = YES;
				INFOPLIST_FILE = QuantumSystems/Info.plist;
				LD_RUNPATH_SEARCH_PATHS = "$(inherited) @executable_path/../Frameworks";
				PRODUCT_NAME = "$(TARGET_NAME)";
			};
			name = Debug;
		};
		105BBD501A374F9100C88D35 /* Release */ = {
			isa = XCBuildConfiguration;
			buildSettings = {
				ASSETCATALOG_COMPILER_APPICON_NAME = AppIcon;
				COMBINE_HIDPI_IMAGES = YES;
				INFOPLIST_FILE = QuantumSystems/Info.plist;
				LD_RUNPATH_SEARCH_PATHS = "$(inherited) @executable_path/../Frameworks";
				PRODUCT_NAME = "$(TARGET_NAME)";
			};
			name = Release;
		};
		105BBD521A374F9100C88D35 /* Debug */ = {
			isa = XCBuildConfiguration;
			buildSettings = {
				BUNDLE_LOADER = "$(TEST_HOST)";
				COMBINE_HIDPI_IMAGES = YES;
				FRAMEWORK_SEARCH_PATHS = (
					"$(DEVELOPER_FRAMEWORKS_DIR)",
					"$(inherited)",
				);
				GCC_PREPROCESSOR_DEFINITIONS = (
					"DEBUG=1",
					"$(inherited)",
				);
				INFOPLIST_FILE = QuantumSystemsTests/Info.plist;
				LD_RUNPATH_SEARCH_PATHS = "$(inherited) @executable_path/../Frameworks @loader_path/../Frameworks";
				PRODUCT_NAME = "$(TARGET_NAME)";
				TEST_HOST = "$(BUILT_PRODUCTS_DIR)/QuantumSystems.app/Contents/MacOS/QuantumSystems";
			};
			name = Debug;
		};
		105BBD531A374F9100C88D35 /* Release */ = {
			isa = XCBuildConfiguration;
			buildSettings = {
				BUNDLE_LOADER = "$(TEST_HOST)";
				COMBINE_HIDPI_IMAGES = YES;
				FRAMEWORK_SEARCH_PATHS = (
					"$(DEVELOPER_FRAMEWORKS_DIR)",
					"$(inherited)",
				);
				INFOPLIST_FILE = QuantumSystemsTests/Info.plist;
				LD_RUNPATH_SEARCH_PATHS = "$(inherited) @executable_path/../Frameworks @loader_path/../Frameworks";
				PRODUCT_NAME = "$(TARGET_NAME)";
				TEST_HOST = "$(BUILT_PRODUCTS_DIR)/QuantumSystems.app/Contents/MacOS/QuantumSystems";
			};
			name = Release;
		};
/* End XCBuildConfiguration section */

/* Begin XCConfigurationList section */
		105BBD2F1A374F9100C88D35 /* Build configuration list for PBXProject "QuantumSystems" */ = {
			isa = XCConfigurationList;
			buildConfigurations = (
				105BBD4C1A374F9100C88D35 /* Debug */,
				105BBD4D1A374F9100C88D35 /* Release */,
			);
			defaultConfigurationIsVisible = 0;
			defaultConfigurationName = Release;
		};
		105BBD4E1A374F9100C88D35 /* Build configuration list for PBXNativeTarget "QuantumSystems" */ = {
			isa = XCConfigurationList;
			buildConfigurations = (
				105BBD4F1A374F9100C88D35 /* Debug */,
				105BBD501A374F9100C88D35 /* Release */,
			);
			defaultConfigurationIsVisible = 0;
			defaultConfigurationName = Release;
		};
		105BBD511A374F9100C88D35 /* Build configuration list for PBXNativeTarget "QuantumSystemsTests" */ = {
			isa = XCConfigurationList;
			buildConfigurations = (
				105BBD521A374F9100C88D35 /* Debug */,
				105BBD531A374F9100C88D35 /* Release */,
			);
			defaultConfigurationIsVisible = 0;
			defaultConfigurationName = Release;
		};
/* End XCConfigurationList section */
	};
	rootObject = 105BBD2C1A374F9100C88D35 /* Project object */;
}
